PODS:
  - Alamofire (3.1.2)
  - AlamofireObjectMapper (2.0.2):
    - Alamofire (~> 3.1.0)
    - ObjectMapper (~> 1.0)
  - ObjectMapper (1.0.1)
  - Proposer (0.7.1)
  - ReactiveCocoa (4.0.4-alpha-1):
    - ReactiveCocoa/UI (= 4.0.4-alpha-1)
    - Result (~> 0.6-beta.1)
  - ReactiveCocoa/Core (4.0.4-alpha-1):
    - ReactiveCocoa/no-arc
    - Result (~> 0.6-beta.1)
  - ReactiveCocoa/no-arc (4.0.4-alpha-1):
    - Result (~> 0.6-beta.1)
  - ReactiveCocoa/UI (4.0.4-alpha-1):
    - ReactiveCocoa/Core
    - Result (~> 0.6-beta.1)
  - Result (0.6.0-beta.6)
  - SwiftLocation (0.2.0)

DEPENDENCIES:
  - Alamofire (= 3.1.2)
  - AlamofireObjectMapper (= 2.0.2)
  - ObjectMapper (= 1.0.1)
  - Proposer (= 0.7.1)
  - ReactiveCocoa (= 4.0.4-alpha-1)
  - SwiftLocation (= 0.2.0)

SPEC CHECKSUMS:
  Alamofire: 7c16ca65f3c7e681fd925fd7f2dec7747ff96855
  AlamofireObjectMapper: 3047127bcc25ec43e8243b89d819022ccee77546
  ObjectMapper: 98524bac0dca46c6b3d5ee02cd410fc700ec6ce2
  Proposer: e9759ad71a6702fd94315a0bff1f8c116edf6f07
  ReactiveCocoa: 618a2fc13d4ed80e380aa6fa56547cef43c7341d
  Result: dc390d0b58f9ec43fcd536f1ebdd130803cc6cbc
  SwiftLocation: ea78ae4a822581bde7379d98c8513273723c8840

COCOAPODS: 0.38.2
