// !$*UTF8*$!
{
	archiveVersion = 1;
	classes = {
	};
	objectVersion = 46;
	objects = {

/* Begin PBXBuildFile section */
		20AAE68019731E0500E73391 /* Foundation.framework in Frameworks */ = {isa = PBXBuildFile; fileRef = 20AAE67F19731E0500E73391 /* Foundation.framework */; };
		20AAE68219731E0500E73391 /* CoreGraphics.framework in Frameworks */ = {isa = PBXBuildFile; fileRef = 20AAE68119731E0500E73391 /* CoreGraphics.framework */; };
		20AAE68419731E0500E73391 /* UIKit.framework in Frameworks */ = {isa = PBXBuildFile; fileRef = 20AAE68319731E0500E73391 /* UIKit.framework */; };
		20AAE68A19731E0500E73391 /* InfoPlist.strings in Resources */ = {isa = PBXBuildFile; fileRef = 20AAE68819731E0500E73391 /* InfoPlist.strings */; };
		20AAE68C19731E0500E73391 /* main.m in Sources */ = {isa = PBXBuildFile; fileRef = 20AAE68B19731E0500E73391 /* main.m */; };
		20AAE69019731E0500E73391 /* BKAppDelegate.m in Sources */ = {isa = PBXBuildFile; fileRef = 20AAE68F19731E0500E73391 /* BKAppDelegate.m */; };
		20AAE69219731E0500E73391 /* Images.xcassets in Resources */ = {isa = PBXBuildFile; fileRef = 20AAE69119731E0500E73391 /* Images.xcassets */; };
		20AAE69919731E0500E73391 /* XCTest.framework in Frameworks */ = {isa = PBXBuildFile; fileRef = 20AAE69819731E0500E73391 /* XCTest.framework */; };
		20AAE69A19731E0500E73391 /* Foundation.framework in Frameworks */ = {isa = PBXBuildFile; fileRef = 20AAE67F19731E0500E73391 /* Foundation.framework */; };
		20AAE69B19731E0500E73391 /* UIKit.framework in Frameworks */ = {isa = PBXBuildFile; fileRef = 20AAE68319731E0500E73391 /* UIKit.framework */; };
		20AAE6A319731E0500E73391 /* InfoPlist.strings in Resources */ = {isa = PBXBuildFile; fileRef = 20AAE6A119731E0500E73391 /* InfoPlist.strings */; };
		20AAE6A519731E0500E73391 /* BikesTests.m in Sources */ = {isa = PBXBuildFile; fileRef = 20AAE6A419731E0500E73391 /* BikesTests.m */; };
/* End PBXBuildFile section */

/* Begin PBXContainerItemProxy section */
		20AAE69C19731E0500E73391 /* PBXContainerItemProxy */ = {
			isa = PBXContainerItemProxy;
			containerPortal = 20AAE67419731E0500E73391 /* Project object */;
			proxyType = 1;
			remoteGlobalIDString = 20AAE67B19731E0500E73391;
			remoteInfo = Bikes;
		};
/* End PBXContainerItemProxy section */

/* Begin PBXFileReference section */
		20AAE67C19731E0500E73391 /* Bikes.app */ = {isa = PBXFileReference; explicitFileType = wrapper.application; includeInIndex = 0; path = Bikes.app; sourceTree = BUILT_PRODUCTS_DIR; };
		20AAE67F19731E0500E73391 /* Foundation.framework */ = {isa = PBXFileReference; lastKnownFileType = wrapper.framework; name = Foundation.framework; path = System/Library/Frameworks/Foundation.framework; sourceTree = SDKROOT; };
		20AAE68119731E0500E73391 /* CoreGraphics.framework */ = {isa = PBXFileReference; lastKnownFileType = wrapper.framework; name = CoreGraphics.framework; path = System/Library/Frameworks/CoreGraphics.framework; sourceTree = SDKROOT; };
		20AAE68319731E0500E73391 /* UIKit.framework */ = {isa = PBXFileReference; lastKnownFileType = wrapper.framework; name = UIKit.framework; path = System/Library/Frameworks/UIKit.framework; sourceTree = SDKROOT; };
		20AAE68719731E0500E73391 /* Bikes-Info.plist */ = {isa = PBXFileReference; lastKnownFileType = text.plist.xml; path = "Bikes-Info.plist"; sourceTree = "<group>"; };
		20AAE68919731E0500E73391 /* en */ = {isa = PBXFileReference; lastKnownFileType = text.plist.strings; name = en; path = en.lproj/InfoPlist.strings; sourceTree = "<group>"; };
		20AAE68B19731E0500E73391 /* main.m */ = {isa = PBXFileReference; lastKnownFileType = sourcecode.c.objc; path = main.m; sourceTree = "<group>"; };
		20AAE68D19731E0500E73391 /* Bikes-Prefix.pch */ = {isa = PBXFileReference; lastKnownFileType = sourcecode.c.h; path = "Bikes-Prefix.pch"; sourceTree = "<group>"; };
		20AAE68E19731E0500E73391 /* BKAppDelegate.h */ = {isa = PBXFileReference; lastKnownFileType = sourcecode.c.h; path = BKAppDelegate.h; sourceTree = "<group>"; };
		20AAE68F19731E0500E73391 /* BKAppDelegate.m */ = {isa = PBXFileReference; lastKnownFileType = sourcecode.c.objc; path = BKAppDelegate.m; sourceTree = "<group>"; };
		20AAE69119731E0500E73391 /* Images.xcassets */ = {isa = PBXFileReference; lastKnownFileType = folder.assetcatalog; path = Images.xcassets; sourceTree = "<group>"; };
		20AAE69719731E0500E73391 /* BikesTests.xctest */ = {isa = PBXFileReference; explicitFileType = wrapper.cfbundle; includeInIndex = 0; path = BikesTests.xctest; sourceTree = BUILT_PRODUCTS_DIR; };
		20AAE69819731E0500E73391 /* XCTest.framework */ = {isa = PBXFileReference; lastKnownFileType = wrapper.framework; name = XCTest.framework; path = Library/Frameworks/XCTest.framework; sourceTree = DEVELOPER_DIR; };
		20AAE6A019731E0500E73391 /* BikesTests-Info.plist */ = {isa = PBXFileReference; lastKnownFileType = text.plist.xml; path = "BikesTests-Info.plist"; sourceTree = "<group>"; };
		20AAE6A219731E0500E73391 /* en */ = {isa = PBXFileReference; lastKnownFileType = text.plist.strings; name = en; path = en.lproj/InfoPlist.strings; sourceTree = "<group>"; };
		20AAE6A419731E0500E73391 /* BikesTests.m */ = {isa = PBXFileReference; lastKnownFileType = sourcecode.c.objc; path = BikesTests.m; sourceTree = "<group>"; };
/* End PBXFileReference section */

/* Begin PBXFrameworksBuildPhase section */
		20AAE67919731E0500E73391 /* Frameworks */ = {
			isa = PBXFrameworksBuildPhase;
			buildActionMask = 2147483647;
			files = (
				20AAE68219731E0500E73391 /* CoreGraphics.framework in Frameworks */,
				20AAE68419731E0500E73391 /* UIKit.framework in Frameworks */,
				20AAE68019731E0500E73391 /* Foundation.framework in Frameworks */,
			);
			runOnlyForDeploymentPostprocessing = 0;
		};
		20AAE69419731E0500E73391 /* Frameworks */ = {
			isa = PBXFrameworksBuildPhase;
			buildActionMask = 2147483647;
			files = (
				20AAE69919731E0500E73391 /* XCTest.framework in Frameworks */,
				20AAE69B19731E0500E73391 /* UIKit.framework in Frameworks */,
				20AAE69A19731E0500E73391 /* Foundation.framework in Frameworks */,
			);
			runOnlyForDeploymentPostprocessing = 0;
		};
/* End PBXFrameworksBuildPhase section */

/* Begin PBXGroup section */
		20AAE67319731E0500E73391 = {
			isa = PBXGroup;
			children = (
				20AAE68519731E0500E73391 /* Bikes */,
				20AAE69E19731E0500E73391 /* BikesTests */,
				20AAE67E19731E0500E73391 /* Frameworks */,
				20AAE67D19731E0500E73391 /* Products */,
			);
			sourceTree = "<group>";
		};
		20AAE67D19731E0500E73391 /* Products */ = {
			isa = PBXGroup;
			children = (
				20AAE67C19731E0500E73391 /* Bikes.app */,
				20AAE69719731E0500E73391 /* BikesTests.xctest */,
			);
			name = Products;
			sourceTree = "<group>";
		};
		20AAE67E19731E0500E73391 /* Frameworks */ = {
			isa = PBXGroup;
			children = (
				20AAE67F19731E0500E73391 /* Foundation.framework */,
				20AAE68119731E0500E73391 /* CoreGraphics.framework */,
				20AAE68319731E0500E73391 /* UIKit.framework */,
				20AAE69819731E0500E73391 /* XCTest.framework */,
			);
			name = Frameworks;
			sourceTree = "<group>";
		};
		20AAE68519731E0500E73391 /* Bikes */ = {
			isa = PBXGroup;
			children = (
				20AAE68E19731E0500E73391 /* BKAppDelegate.h */,
				20AAE68F19731E0500E73391 /* BKAppDelegate.m */,
				20AAE69119731E0500E73391 /* Images.xcassets */,
				20AAE68619731E0500E73391 /* Supporting Files */,
			);
			path = Bikes;
			sourceTree = "<group>";
		};
		20AAE68619731E0500E73391 /* Supporting Files */ = {
			isa = PBXGroup;
			children = (
				20AAE68719731E0500E73391 /* Bikes-Info.plist */,
				20AAE68819731E0500E73391 /* InfoPlist.strings */,
				20AAE68B19731E0500E73391 /* main.m */,
				20AAE68D19731E0500E73391 /* Bikes-Prefix.pch */,
			);
			name = "Supporting Files";
			sourceTree = "<group>";
		};
		20AAE69E19731E0500E73391 /* BikesTests */ = {
			isa = PBXGroup;
			children = (
				20AAE6A419731E0500E73391 /* BikesTests.m */,
				20AAE69F19731E0500E73391 /* Supporting Files */,
			);
			path = BikesTests;
			sourceTree = "<group>";
		};
		20AAE69F19731E0500E73391 /* Supporting Files */ = {
			isa = PBXGroup;
			children = (
				20AAE6A019731E0500E73391 /* BikesTests-Info.plist */,
				20AAE6A119731E0500E73391 /* InfoPlist.strings */,
			);
			name = "Supporting Files";
			sourceTree = "<group>";
		};
/* End PBXGroup section */

/* Begin PBXNativeTarget section */
		20AAE67B19731E0500E73391 /* Bikes */ = {
			isa = PBXNativeTarget;
			buildConfigurationList = 20AAE6A819731E0500E73391 /* Build configuration list for PBXNativeTarget "Bikes" */;
			buildPhases = (
				20AAE67819731E0500E73391 /* Sources */,
				20AAE67919731E0500E73391 /* Frameworks */,
				20AAE67A19731E0500E73391 /* Resources */,
			);
			buildRules = (
			);
			dependencies = (
			);
			name = Bikes;
			productName = Bikes;
			productReference = 20AAE67C19731E0500E73391 /* Bikes.app */;
			productType = "com.apple.product-type.application";
		};
		20AAE69619731E0500E73391 /* BikesTests */ = {
			isa = PBXNativeTarget;
			buildConfigurationList = 20AAE6AB19731E0500E73391 /* Build configuration list for PBXNativeTarget "BikesTests" */;
			buildPhases = (
				20AAE69319731E0500E73391 /* Sources */,
				20AAE69419731E0500E73391 /* Frameworks */,
				20AAE69519731E0500E73391 /* Resources */,
			);
			buildRules = (
			);
			dependencies = (
				20AAE69D19731E0500E73391 /* PBXTargetDependency */,
			);
			name = BikesTests;
			productName = BikesTests;
			productReference = 20AAE69719731E0500E73391 /* BikesTests.xctest */;
			productType = "com.apple.product-type.bundle.unit-test";
		};
/* End PBXNativeTarget section */

/* Begin PBXProject section */
		20AAE67419731E0500E73391 /* Project object */ = {
			isa = PBXProject;
			attributes = {
				CLASSPREFIX = BK;
				LastUpgradeCheck = 0500;
				ORGANIZATIONNAME = "Evan Coleman";
				TargetAttributes = {
					20AAE69619731E0500E73391 = {
						TestTargetID = 20AAE67B19731E0500E73391;
					};
				};
			};
			buildConfigurationList = 20AAE67719731E0500E73391 /* Build configuration list for PBXProject "Bikes" */;
			compatibilityVersion = "Xcode 3.2";
			developmentRegion = English;
			hasScannedForEncodings = 0;
			knownRegions = (
				en,
			);
			mainGroup = 20AAE67319731E0500E73391;
			productRefGroup = 20AAE67D19731E0500E73391 /* Products */;
			projectDirPath = "";
			projectRoot = "";
			targets = (
				20AAE67B19731E0500E73391 /* Bikes */,
				20AAE69619731E0500E73391 /* BikesTests */,
			);
		};
/* End PBXProject section */

/* Begin PBXResourcesBuildPhase section */
		20AAE67A19731E0500E73391 /* Resources */ = {
			isa = PBXResourcesBuildPhase;
			buildActionMask = 2147483647;
			files = (
				20AAE68A19731E0500E73391 /* InfoPlist.strings in Resources */,
				20AAE69219731E0500E73391 /* Images.xcassets in Resources */,
			);
			runOnlyForDeploymentPostprocessing = 0;
		};
		20AAE69519731E0500E73391 /* Resources */ = {
			isa = PBXResourcesBuildPhase;
			buildActionMask = 2147483647;
			files = (
				20AAE6A319731E0500E73391 /* InfoPlist.strings in Resources */,
			);
			runOnlyForDeploymentPostprocessing = 0;
		};
/* End PBXResourcesBuildPhase section */

/* Begin PBXSourcesBuildPhase section */
		20AAE67819731E0500E73391 /* Sources */ = {
			isa = PBXSourcesBuildPhase;
			buildActionMask = 2147483647;
			files = (
				20AAE68C19731E0500E73391 /* main.m in Sources */,
				20AAE69019731E0500E73391 /* BKAppDelegate.m in Sources */,
			);
			runOnlyForDeploymentPostprocessing = 0;
		};
		20AAE69319731E0500E73391 /* Sources */ = {
			isa = PBXSourcesBuildPhase;
			buildActionMask = 2147483647;
			files = (
				20AAE6A519731E0500E73391 /* BikesTests.m in Sources */,
			);
			runOnlyForDeploymentPostprocessing = 0;
		};
/* End PBXSourcesBuildPhase section */

/* Begin PBXTargetDependency section */
		20AAE69D19731E0500E73391 /* PBXTargetDependency */ = {
			isa = PBXTargetDependency;
			target = 20AAE67B19731E0500E73391 /* Bikes */;
			targetProxy = 20AAE69C19731E0500E73391 /* PBXContainerItemProxy */;
		};
/* End PBXTargetDependency section */

/* Begin PBXVariantGroup section */
		20AAE68819731E0500E73391 /* InfoPlist.strings */ = {
			isa = PBXVariantGroup;
			children = (
				20AAE68919731E0500E73391 /* en */,
			);
			name = InfoPlist.strings;
			sourceTree = "<group>";
		};
		20AAE6A119731E0500E73391 /* InfoPlist.strings */ = {
			isa = PBXVariantGroup;
			children = (
				20AAE6A219731E0500E73391 /* en */,
			);
			name = InfoPlist.strings;
			sourceTree = "<group>";
		};
/* End PBXVariantGroup section */

/* Begin XCBuildConfiguration section */
		20AAE6A619731E0500E73391 /* Debug */ = {
			isa = XCBuildConfiguration;
			buildSettings = {
				ALWAYS_SEARCH_USER_PATHS = NO;
				ARCHS = "$(ARCHS_STANDARD_INCLUDING_64_BIT)";
				CLANG_CXX_LANGUAGE_STANDARD = "gnu++0x";
				CLANG_CXX_LIBRARY = "libc++";
				CLANG_ENABLE_MODULES = YES;
				CLANG_ENABLE_OBJC_ARC = YES;
				CLANG_WARN_BOOL_CONVERSION = YES;
				CLANG_WARN_CONSTANT_CONVERSION = YES;
				CLANG_WARN_DIRECT_OBJC_ISA_USAGE = YES_ERROR;
				CLANG_WARN_EMPTY_BODY = YES;
				CLANG_WARN_ENUM_CONVERSION = YES;
				CLANG_WARN_INT_CONVERSION = YES;
				CLANG_WARN_OBJC_ROOT_CLASS = YES_ERROR;
				CLANG_WARN__DUPLICATE_METHOD_MATCH = YES;
				"CODE_SIGN_IDENTITY[sdk=iphoneos*]" = "iPhone Developer";
				COPY_PHASE_STRIP = NO;
				GCC_C_LANGUAGE_STANDARD = gnu99;
				GCC_DYNAMIC_NO_PIC = NO;
				GCC_OPTIMIZATION_LEVEL = 0;
				GCC_PREPROCESSOR_DEFINITIONS = (
					"DEBUG=1",
					"$(inherited)",
				);
				GCC_SYMBOLS_PRIVATE_EXTERN = NO;
				GCC_WARN_64_TO_32_BIT_CONVERSION = YES;
				GCC_WARN_ABOUT_RETURN_TYPE = YES_ERROR;
				GCC_WARN_UNDECLARED_SELECTOR = YES;
				GCC_WARN_UNINITIALIZED_AUTOS = YES;
				GCC_WARN_UNUSED_FUNCTION = YES;
				GCC_WARN_UNUSED_VARIABLE = YES;
				IPHONEOS_DEPLOYMENT_TARGET = 7.0;
				ONLY_ACTIVE_ARCH = YES;
				SDKROOT = iphoneos;
			};
			name = Debug;
		};
		20AAE6A719731E0500E73391 /* Release */ = {
			isa = XCBuildConfiguration;
			buildSettings = {
				ALWAYS_SEARCH_USER_PATHS = NO;
				ARCHS = "$(ARCHS_STANDARD_INCLUDING_64_BIT)";
				CLANG_CXX_LANGUAGE_STANDARD = "gnu++0x";
				CLANG_CXX_LIBRARY = "libc++";
				CLANG_ENABLE_MODULES = YES;
				CLANG_ENABLE_OBJC_ARC = YES;
				CLANG_WARN_BOOL_CONVERSION = YES;
				CLANG_WARN_CONSTANT_CONVERSION = YES;
				CLANG_WARN_DIRECT_OBJC_ISA_USAGE = YES_ERROR;
				CLANG_WARN_EMPTY_BODY = YES;
				CLANG_WARN_ENUM_CONVERSION = YES;
				CLANG_WARN_INT_CONVERSION = YES;
				CLANG_WARN_OBJC_ROOT_CLASS = YES_ERROR;
				CLANG_WARN__DUPLICATE_METHOD_MATCH = YES;
				"CODE_SIGN_IDENTITY[sdk=iphoneos*]" = "iPhone Developer";
				COPY_PHASE_STRIP = YES;
				ENABLE_NS_ASSERTIONS = NO;
				GCC_C_LANGUAGE_STANDARD = gnu99;
				GCC_WARN_64_TO_32_BIT_CONVERSION = YES;
				GCC_WARN_ABOUT_RETURN_TYPE = YES_ERROR;
				GCC_WARN_UNDECLARED_SELECTOR = YES;
				GCC_WARN_UNINITIALIZED_AUTOS = YES;
				GCC_WARN_UNUSED_FUNCTION = YES;
				GCC_WARN_UNUSED_VARIABLE = YES;
				IPHONEOS_DEPLOYMENT_TARGET = 7.0;
				SDKROOT = iphoneos;
				VALIDATE_PRODUCT = YES;
			};
			name = Release;
		};
		20AAE6A919731E0500E73391 /* Debug */ = {
			isa = XCBuildConfiguration;
			buildSettings = {
				ASSETCATALOG_COMPILER_APPICON_NAME = AppIcon;
				ASSETCATALOG_COMPILER_LAUNCHIMAGE_NAME = LaunchImage;
				GCC_PRECOMPILE_PREFIX_HEADER = YES;
				GCC_PREFIX_HEADER = "Bikes/Bikes-Prefix.pch";
				INFOPLIST_FILE = "Bikes/Bikes-Info.plist";
				PRODUCT_NAME = "$(TARGET_NAME)";
				WRAPPER_EXTENSION = app;
			};
			name = Debug;
		};
		20AAE6AA19731E0500E73391 /* Release */ = {
			isa = XCBuildConfiguration;
			buildSettings = {
				ASSETCATALOG_COMPILER_APPICON_NAME = AppIcon;
				ASSETCATALOG_COMPILER_LAUNCHIMAGE_NAME = LaunchImage;
				GCC_PRECOMPILE_PREFIX_HEADER = YES;
				GCC_PREFIX_HEADER = "Bikes/Bikes-Prefix.pch";
				INFOPLIST_FILE = "Bikes/Bikes-Info.plist";
				PRODUCT_NAME = "$(TARGET_NAME)";
				WRAPPER_EXTENSION = app;
			};
			name = Release;
		};
		20AAE6AC19731E0500E73391 /* Debug */ = {
			isa = XCBuildConfiguration;
			buildSettings = {
				ARCHS = "$(ARCHS_STANDARD_INCLUDING_64_BIT)";
				BUNDLE_LOADER = "$(BUILT_PRODUCTS_DIR)/Bikes.app/Bikes";
				FRAMEWORK_SEARCH_PATHS = (
					"$(SDKROOT)/Developer/Library/Frameworks",
					"$(inherited)",
					"$(DEVELOPER_FRAMEWORKS_DIR)",
				);
				GCC_PRECOMPILE_PREFIX_HEADER = YES;
				GCC_PREFIX_HEADER = "Bikes/Bikes-Prefix.pch";
				GCC_PREPROCESSOR_DEFINITIONS = (
					"DEBUG=1",
					"$(inherited)",
				);
				INFOPLIST_FILE = "BikesTests/BikesTests-Info.plist";
				PRODUCT_NAME = "$(TARGET_NAME)";
				TEST_HOST = "$(BUNDLE_LOADER)";
				WRAPPER_EXTENSION = xctest;
			};
			name = Debug;
		};
		20AAE6AD19731E0500E73391 /* Release */ = {
			isa = XCBuildConfiguration;
			buildSettings = {
				ARCHS = "$(ARCHS_STANDARD_INCLUDING_64_BIT)";
				BUNDLE_LOADER = "$(BUILT_PRODUCTS_DIR)/Bikes.app/Bikes";
				FRAMEWORK_SEARCH_PATHS = (
					"$(SDKROOT)/Developer/Library/Frameworks",
					"$(inherited)",
					"$(DEVELOPER_FRAMEWORKS_DIR)",
				);
				GCC_PRECOMPILE_PREFIX_HEADER = YES;
				GCC_PREFIX_HEADER = "Bikes/Bikes-Prefix.pch";
				INFOPLIST_FILE = "BikesTests/BikesTests-Info.plist";
				PRODUCT_NAME = "$(TARGET_NAME)";
				TEST_HOST = "$(BUNDLE_LOADER)";
				WRAPPER_EXTENSION = xctest;
			};
			name = Release;
		};
/* End XCBuildConfiguration section */

/* Begin XCConfigurationList section */
		20AAE67719731E0500E73391 /* Build configuration list for PBXProject "Bikes" */ = {
			isa = XCConfigurationList;
			buildConfigurations = (
				20AAE6A619731E0500E73391 /* Debug */,
				20AAE6A719731E0500E73391 /* Release */,
			);
			defaultConfigurationIsVisible = 0;
			defaultConfigurationName = Release;
		};
		20AAE6A819731E0500E73391 /* Build configuration list for PBXNativeTarget "Bikes" */ = {
			isa = XCConfigurationList;
			buildConfigurations = (
				20AAE6A919731E0500E73391 /* Debug */,
				20AAE6AA19731E0500E73391 /* Release */,
			);
			defaultConfigurationIsVisible = 0;
		};
		20AAE6AB19731E0500E73391 /* Build configuration list for PBXNativeTarget "BikesTests" */ = {
			isa = XCConfigurationList;
			buildConfigurations = (
				20AAE6AC19731E0500E73391 /* Debug */,
				20AAE6AD19731E0500E73391 /* Release */,
			);
			defaultConfigurationIsVisible = 0;
		};
/* End XCConfigurationList section */
	};
	rootObject = 20AAE67419731E0500E73391 /* Project object */;
}
